
Microsoft Visual Studio Solution File, Format Version 12.00
# Visual Studio 15
VisualStudioVersion = 15.0.28307.539
MinimumVisualStudioVersion = 10.0.40219.1
Project("{FAE04EC0-301F-11D3-BF4B-00C04F79EFBC}") = "NavagisInternalTool", "NavagisInternalTool\NavagisInternalTool.csproj", "{6B21E743-3591-4782-AB90-C86D5D2027CB}"
EndProject
Global
	GlobalSection(SolutionConfigurationPlatforms) = preSolution
		Debug|Any CPU = Debug|Any CPU
		Release|Any CPU = Release|Any CPU
	EndGlobalSection
	GlobalSection(ProjectConfigurationPlatforms) = postSolution
		{6B21E743-3591-4782-AB90-C86D5D2027CB}.Debug|Any CPU.ActiveCfg = Debug|Any CPU
		{6B21E743-3591-4782-AB90-C86D5D2027CB}.Debug|Any CPU.Build.0 = Debug|Any CPU
		{6B21E743-3591-4782-AB90-C86D5D2027CB}.Release|Any CPU.ActiveCfg = Release|Any CPU
		{6B21E743-3591-4782-AB90-C86D5D2027CB}.Release|Any CPU.Build.0 = Release|Any CPU
	EndGlobalSection
	GlobalSection(SolutionProperties) = preSolution
		HideSolutionNode = FALSE
	EndGlobalSection
	GlobalSection(ExtensibilityGlobals) = postSolution
		SolutionGuid = {273C0147-0F3B-4768-9418-D20305641E24}
	EndGlobalSection
EndGlobal
